
Microsoft Visual Studio Solution File, Format Version 12.00
# Visual Studio Version 17
VisualStudioVersion = 17.2.32526.322
MinimumVisualStudioVersion = 10.0.40219.1
Project("{9A19103F-16F7-4668-BE54-9A1E7A4F7556}") = "Tests", "Tests\Tests.csproj", "{E18AC640-870D-4288-97CF-678A2FD2B3CA}"
	ProjectSection(ProjectDependencies) = postProject
		{1D1110A2-BC02-41B0-8CAE-997BE26E2C48} = {1D1110A2-BC02-41B0-8CAE-997BE26E2C48}
		{6A847A91-5C47-48A2-BE1A-B56B0169A1F3} = {6A847A91-5C47-48A2-BE1A-B56B0169A1F3}
		{A2563089-0822-4828-94E1-897E35BD69A0} = {A2563089-0822-4828-94E1-897E35BD69A0}
	EndProjectSection
EndProject
Project("{9A19103F-16F7-4668-BE54-9A1E7A4F7556}") = "ExeVersion", "ExeVersion\ExeVersion.csproj", "{E3F8479C-1CF0-4F3D-A3A6-6E01FE441660}"
EndProject
Project("{9A19103F-16F7-4668-BE54-9A1E7A4F7556}") = "NpcGenerator", "NpcGenerator\NpcGenerator.csproj", "{1D1110A2-BC02-41B0-8CAE-997BE26E2C48}"
	ProjectSection(ProjectDependencies) = postProject
		{61487F01-D8BA-4D56-B445-EA50BBF681B3} = {61487F01-D8BA-4D56-B445-EA50BBF681B3}
		{6A847A91-5C47-48A2-BE1A-B56B0169A1F3} = {6A847A91-5C47-48A2-BE1A-B56B0169A1F3}
		{A2563089-0822-4828-94E1-897E35BD69A0} = {A2563089-0822-4828-94E1-897E35BD69A0}
	EndProjectSection
EndProject
Project("{9A19103F-16F7-4668-BE54-9A1E7A4F7556}") = "Uninstall", "Uninstall\Uninstall.csproj", "{8571729E-6B3A-44AA-85C9-3532C8CB4311}"
	ProjectSection(ProjectDependencies) = postProject
		{A2563089-0822-4828-94E1-897E35BD69A0} = {A2563089-0822-4828-94E1-897E35BD69A0}
	EndProjectSection
EndProject
Project("{9A19103F-16F7-4668-BE54-9A1E7A4F7556}") = "Services", "Services\Services.csproj", "{6A847A91-5C47-48A2-BE1A-B56B0169A1F3}"
EndProject
Project("{9A19103F-16F7-4668-BE54-9A1E7A4F7556}") = "CoupledServices", "CoupledServices\CoupledServices.csproj", "{A2563089-0822-4828-94E1-897E35BD69A0}"
EndProject
Project("{FAE04EC0-301F-11D3-BF4B-00C04F79EFBC}") = "WpfServices", "WpfServices\WpfServices.csproj", "{61487F01-D8BA-4D56-B445-EA50BBF681B3}"
	ProjectSection(ProjectDependencies) = postProject
		{6A847A91-5C47-48A2-BE1A-B56B0169A1F3} = {6A847A91-5C47-48A2-BE1A-B56B0169A1F3}
	EndProjectSection
EndProject
Global
	GlobalSection(SolutionConfigurationPlatforms) = preSolution
		Debug|Any CPU = Debug|Any CPU
		Release|Any CPU = Release|Any CPU
	EndGlobalSection
	GlobalSection(ProjectConfigurationPlatforms) = postSolution
		{E18AC640-870D-4288-97CF-678A2FD2B3CA}.Debug|Any CPU.ActiveCfg = Debug|Any CPU
		{E18AC640-870D-4288-97CF-678A2FD2B3CA}.Debug|Any CPU.Build.0 = Debug|Any CPU
		{E18AC640-870D-4288-97CF-678A2FD2B3CA}.Release|Any CPU.ActiveCfg = Release|Any CPU
		{E18AC640-870D-4288-97CF-678A2FD2B3CA}.Release|Any CPU.Build.0 = Release|Any CPU
		{E3F8479C-1CF0-4F3D-A3A6-6E01FE441660}.Debug|Any CPU.ActiveCfg = Debug|Any CPU
		{E3F8479C-1CF0-4F3D-A3A6-6E01FE441660}.Debug|Any CPU.Build.0 = Debug|Any CPU
		{E3F8479C-1CF0-4F3D-A3A6-6E01FE441660}.Release|Any CPU.ActiveCfg = Release|Any CPU
		{E3F8479C-1CF0-4F3D-A3A6-6E01FE441660}.Release|Any CPU.Build.0 = Release|Any CPU
		{1D1110A2-BC02-41B0-8CAE-997BE26E2C48}.Debug|Any CPU.ActiveCfg = Debug|Any CPU
		{1D1110A2-BC02-41B0-8CAE-997BE26E2C48}.Debug|Any CPU.Build.0 = Debug|Any CPU
		{1D1110A2-BC02-41B0-8CAE-997BE26E2C48}.Release|Any CPU.ActiveCfg = Release|Any CPU
		{1D1110A2-BC02-41B0-8CAE-997BE26E2C48}.Release|Any CPU.Build.0 = Release|Any CPU
		{8571729E-6B3A-44AA-85C9-3532C8CB4311}.Debug|Any CPU.ActiveCfg = Debug|Any CPU
		{8571729E-6B3A-44AA-85C9-3532C8CB4311}.Debug|Any CPU.Build.0 = Debug|Any CPU
		{8571729E-6B3A-44AA-85C9-3532C8CB4311}.Release|Any CPU.ActiveCfg = Release|Any CPU
		{8571729E-6B3A-44AA-85C9-3532C8CB4311}.Release|Any CPU.Build.0 = Release|Any CPU
		{6A847A91-5C47-48A2-BE1A-B56B0169A1F3}.Debug|Any CPU.ActiveCfg = Debug|Any CPU
		{6A847A91-5C47-48A2-BE1A-B56B0169A1F3}.Debug|Any CPU.Build.0 = Debug|Any CPU
		{6A847A91-5C47-48A2-BE1A-B56B0169A1F3}.Release|Any CPU.ActiveCfg = Release|Any CPU
		{6A847A91-5C47-48A2-BE1A-B56B0169A1F3}.Release|Any CPU.Build.0 = Release|Any CPU
		{A2563089-0822-4828-94E1-897E35BD69A0}.Debug|Any CPU.ActiveCfg = Debug|Any CPU
		{A2563089-0822-4828-94E1-897E35BD69A0}.Debug|Any CPU.Build.0 = Debug|Any CPU
		{A2563089-0822-4828-94E1-897E35BD69A0}.Release|Any CPU.ActiveCfg = Release|Any CPU
		{A2563089-0822-4828-94E1-897E35BD69A0}.Release|Any CPU.Build.0 = Release|Any CPU
		{61487F01-D8BA-4D56-B445-EA50BBF681B3}.Debug|Any CPU.ActiveCfg = Debug|Any CPU
		{61487F01-D8BA-4D56-B445-EA50BBF681B3}.Debug|Any CPU.Build.0 = Debug|Any CPU
		{61487F01-D8BA-4D56-B445-EA50BBF681B3}.Release|Any CPU.ActiveCfg = Release|Any CPU
		{61487F01-D8BA-4D56-B445-EA50BBF681B3}.Release|Any CPU.Build.0 = Release|Any CPU
	EndGlobalSection
	GlobalSection(SolutionProperties) = preSolution
		HideSolutionNode = FALSE
	EndGlobalSection
	GlobalSection(ExtensibilityGlobals) = postSolution
		SolutionGuid = {B60ABEF9-8AF2-48F3-83DC-778997AA645F}
	EndGlobalSection
EndGlobal
